<?xml version="1.0" encoding="utf-8"?>
<Project DefaultTargets="Build" ToolsVersion="4.0" xmlns="http://schemas.microsoft.com/developer/msbuild/2003">
  <ItemGroup>
    <ResourceCompile Include="ZappyGraph.rc" />
    <Image Include="ZappyGraph.ico" />
  </ItemGroup>
  <ItemGroup>
    <ClCompile Include="Framework\AdvancedOgreFramework.cpp" />
    <ClCompile Include="Framework\AppStateManager.cpp" />
    <ClCompile Include="Object\Rock\ARock.cpp" />
    <ClCompile Include="Object\Rock\Deraumere.cpp" />
    <ClCompile Include="Object\Rock\Linemate.cpp" />
    <ClCompile Include="Object\AObject.cpp" />
    <ClCompile Include="State\GameState.cpp" />
    <ClCompile Include="State\MenuState.cpp" />
    <ClCompile Include="State\PauseState.cpp" />
    <ClCompile Include="main.cpp" />
    <ClCompile Include="ZappyGraph.cpp" />
    <ClCompile Include="Object\Character\Character.cpp" />
    <ClCompile Include="Object\Rock\Sibur.cpp" />
    <ClCompile Include="Object\Rock\Mendiane.cpp" />
    <ClCompile Include="Object\Rock\Phiras.cpp" />
    <ClCompile Include="Object\Rock\Thystame.cpp" />
  </ItemGroup>
  <ItemGroup>
    <ClInclude Include="Framework\AdvancedOgreFramework.hpp" />
    <ClInclude Include="Framework\AppState.hpp" />
    <ClInclude Include="Framework\AppStateManager.hpp" />
    <ClInclude Include="Object\Rock\ARock.hpp" />
    <ClInclude Include="Object\Rock\Deraumere.hpp" />
    <ClInclude Include="Object\Rock\Linemate.hpp" />
    <ClInclude Include="Object\AObject.hpp" />
    <ClInclude Include="State\GameState.hpp" />
    <ClInclude Include="State\MenuState.hpp" />
    <ClInclude Include="State\PauseState.hpp" />
    <ClInclude Include="ZappyGraph.hpp" />
    <ClInclude Include="Object\Character\Character.hpp" />
    <ClInclude Include="Object\Rock\Sibur.hpp" />
    <ClInclude Include="Object\Rock\Mendiane.hpp" />
    <ClInclude Include="Object\Rock\Phiras.hpp" />
    <ClInclude Include="Object\Rock\Thystame.hpp" />
  </ItemGroup>
  <ItemGroup>
    <None Include="Configuration.props" />
  </ItemGroup>
</Project>