<?xml version="1.0" encoding="utf-8"?>
<Project DefaultTargets="Build" ToolsVersion="4.0" xmlns="http://schemas.microsoft.com/developer/msbuild/2003">
  <ItemGroup>
    <ResourceCompile Include="ZappyGraph.rc" />
    <Image Include="ZappyGraph.ico" />
  </ItemGroup>
  <ItemGroup>
    <ClCompile Include="Framework\AdvancedOgreFramework.cpp" />
    <ClCompile Include="Framework\AppStateManager.cpp" />
    <ClCompile Include="Object\AObject.cpp" />
    <ClCompile Include="State\GameState.cpp" />
    <ClCompile Include="State\MenuState.cpp" />
    <ClCompile Include="State\PauseState.cpp" />
    <ClCompile Include="main.cpp" />
    <ClCompile Include="ZappyGraph.cpp" />
    <ClCompile Include="Object\Character\Character.cpp" />
    <ClCompile Include="Object\Gear\Deraumere.cpp" />
    <ClCompile Include="Object\Gear\Linemate.cpp" />
    <ClCompile Include="Object\Gear\Mendiane.cpp" />
    <ClCompile Include="Object\Gear\Phiras.cpp" />
    <ClCompile Include="Object\Gear\Sibur.cpp" />
    <ClCompile Include="Object\Gear\Thystame.cpp" />
    <ClCompile Include="Object\Gear\AGear.cpp" />
    <ClCompile Include="Object\Ground\Ground.cpp" />
    <ClCompile Include="Map\Cell.cpp" />
    <ClCompile Include="State\SplashScreenState.cpp" />
    <ClCompile Include="Object\CacheObject.cpp" />
    <ClCompile Include="Network\IPConnect.cpp" />
  </ItemGroup>
  <ItemGroup>
    <ClInclude Include="Framework\AdvancedOgreFramework.hpp" />
    <ClInclude Include="Framework\AppState.hpp" />
    <ClInclude Include="Framework\AppStateManager.hpp" />
    <ClInclude Include="Object\AObject.hpp" />
    <ClInclude Include="State\GameState.hpp" />
    <ClInclude Include="State\MenuState.hpp" />
    <ClInclude Include="State\PauseState.hpp" />
    <ClInclude Include="ZappyGraph.hpp" />
    <ClInclude Include="Object\Character\Character.hpp" />
    <ClInclude Include="Object\Gear\Deraumere.hpp" />
    <ClInclude Include="Object\Gear\Linemate.hpp" />
    <ClInclude Include="Object\Gear\Mendiane.hpp" />
    <ClInclude Include="Object\Gear\Phiras.hpp" />
    <ClInclude Include="Object\Gear\Sibur.hpp" />
    <ClInclude Include="Object\Gear\Thystame.hpp" />
    <ClInclude Include="Object\Gear\AGear.hpp" />
    <ClInclude Include="Object\ObjectFactory.hpp" />
    <ClInclude Include="Object\Ground\Ground.hpp" />
    <ClInclude Include="Map\Cell.hpp" />
    <ClInclude Include="State\SplashScreenState.hpp" />
    <ClInclude Include="Object\CacheObject.hpp" />
    <ClInclude Include="Network\IPConnect.hpp" />
  </ItemGroup>
  <ItemGroup>
    <None Include="Configuration.props" />
  </ItemGroup>
</Project>